
Microsoft Visual Studio Solution File, Format Version 12.00
# Visual Studio Version 16
VisualStudioVersion = 16.0.31025.194
MinimumVisualStudioVersion = 10.0.40219.1
Project("{F184B08F-C81C-45F6-A57F-5ABD9991F28F}") = "Stan Grocery", "Stan Grocery.vbproj", "{7B2A5C5C-3412-4D02-BE14-E3084134AA75}"
EndProject
Global
	GlobalSection(SolutionConfigurationPlatforms) = preSolution
		Debug|Any CPU = Debug|Any CPU
		Release|Any CPU = Release|Any CPU
	EndGlobalSection
	GlobalSection(ProjectConfigurationPlatforms) = postSolution
		{7B2A5C5C-3412-4D02-BE14-E3084134AA75}.Debug|Any CPU.ActiveCfg = Debug|Any CPU
		{7B2A5C5C-3412-4D02-BE14-E3084134AA75}.Debug|Any CPU.Build.0 = Debug|Any CPU
		{7B2A5C5C-3412-4D02-BE14-E3084134AA75}.Release|Any CPU.ActiveCfg = Release|Any CPU
		{7B2A5C5C-3412-4D02-BE14-E3084134AA75}.Release|Any CPU.Build.0 = Release|Any CPU
	EndGlobalSection
	GlobalSection(SolutionProperties) = preSolution
		HideSolutionNode = FALSE
	EndGlobalSection
	GlobalSection(ExtensibilityGlobals) = postSolution
		SolutionGuid = {AA717577-5227-4C4D-BB28-86AB4B78348D}
	EndGlobalSection
EndGlobal
